
Microsoft Visual Studio Solution File, Format Version 12.00
# Visual Studio 15
VisualStudioVersion = 15.0.28307.572
MinimumVisualStudioVersion = 10.0.40219.1
Project("{FAE04EC0-301F-11D3-BF4B-00C04F79EFBC}") = "Links", "Links\Links.csproj", "{9ECF4ADE-6FD4-467B-93C5-725701085487}"
EndProject
Project("{FAE04EC0-301F-11D3-BF4B-00C04F79EFBC}") = "Links.Tests", "Links.Tests\Links.Tests.csproj", "{A31D1997-9113-47ED-9755-BC43E0EB2A81}"
EndProject
Project("{2150E333-8FDC-42A3-9474-1A3956D46DE8}") = "Solution Items", "Solution Items", "{DC554240-C992-436A-8662-D2285DE15057}"
	ProjectSection(SolutionItems) = preProject
		..\build\project.nuspec = ..\build\project.nuspec
	EndProjectSection
EndProject
Global
	GlobalSection(SolutionConfigurationPlatforms) = preSolution
		Debug|Any CPU = Debug|Any CPU
		Release|Any CPU = Release|Any CPU
	EndGlobalSection
	GlobalSection(ProjectConfigurationPlatforms) = postSolution
		{9ECF4ADE-6FD4-467B-93C5-725701085487}.Debug|Any CPU.ActiveCfg = Debug|Any CPU
		{9ECF4ADE-6FD4-467B-93C5-725701085487}.Debug|Any CPU.Build.0 = Debug|Any CPU
		{9ECF4ADE-6FD4-467B-93C5-725701085487}.Release|Any CPU.ActiveCfg = Release|Any CPU
		{9ECF4ADE-6FD4-467B-93C5-725701085487}.Release|Any CPU.Build.0 = Release|Any CPU
		{A31D1997-9113-47ED-9755-BC43E0EB2A81}.Debug|Any CPU.ActiveCfg = Debug|Any CPU
		{A31D1997-9113-47ED-9755-BC43E0EB2A81}.Debug|Any CPU.Build.0 = Debug|Any CPU
		{A31D1997-9113-47ED-9755-BC43E0EB2A81}.Release|Any CPU.ActiveCfg = Release|Any CPU
		{A31D1997-9113-47ED-9755-BC43E0EB2A81}.Release|Any CPU.Build.0 = Release|Any CPU
	EndGlobalSection
	GlobalSection(SolutionProperties) = preSolution
		HideSolutionNode = FALSE
	EndGlobalSection
	GlobalSection(ExtensibilityGlobals) = postSolution
		SolutionGuid = {841DA4C9-20D1-4910-8D03-C15FB08D6EF9}
	EndGlobalSection
EndGlobal
